
Microsoft Visual Studio Solution File, Format Version 12.00
# Visual Studio Version 16
VisualStudioVersion = 16.0.29424.173
MinimumVisualStudioVersion = 10.0.40219.1
Project("{FAE04EC0-301F-11D3-BF4B-00C04F79EFBC}") = "finalexam", "finalexam\finalexam.csproj", "{06DAF19D-FDCD-47EE-A9A8-5BD839223DE9}"
EndProject
Global
	GlobalSection(SolutionConfigurationPlatforms) = preSolution
		Debug|Any CPU = Debug|Any CPU
		Release|Any CPU = Release|Any CPU
	EndGlobalSection
	GlobalSection(ProjectConfigurationPlatforms) = postSolution
		{06DAF19D-FDCD-47EE-A9A8-5BD839223DE9}.Debug|Any CPU.ActiveCfg = Debug|Any CPU
		{06DAF19D-FDCD-47EE-A9A8-5BD839223DE9}.Debug|Any CPU.Build.0 = Debug|Any CPU
		{06DAF19D-FDCD-47EE-A9A8-5BD839223DE9}.Release|Any CPU.ActiveCfg = Release|Any CPU
		{06DAF19D-FDCD-47EE-A9A8-5BD839223DE9}.Release|Any CPU.Build.0 = Release|Any CPU
	EndGlobalSection
	GlobalSection(SolutionProperties) = preSolution
		HideSolutionNode = FALSE
	EndGlobalSection
	GlobalSection(ExtensibilityGlobals) = postSolution
		SolutionGuid = {AD2BCEA3-8413-4E46-923B-0B4DDC50C940}
	EndGlobalSection
EndGlobal
